
Microsoft Visual Studio Solution File, Format Version 12.00
# Visual Studio Version 16
VisualStudioVersion = 16.0.31727.386
MinimumVisualStudioVersion = 10.0.40219.1
Project("{FAE04EC0-301F-11D3-BF4B-00C04F79EFBC}") = "Trabalho seno cosseno e tangente", "Trabalho seno cosseno e tangente.csproj", "{83E6D6D7-CCAC-452E-974C-FFAC89A11635}"
EndProject
Global
	GlobalSection(SolutionConfigurationPlatforms) = preSolution
		Debug|Any CPU = Debug|Any CPU
		Release|Any CPU = Release|Any CPU
	EndGlobalSection
	GlobalSection(ProjectConfigurationPlatforms) = postSolution
		{83E6D6D7-CCAC-452E-974C-FFAC89A11635}.Debug|Any CPU.ActiveCfg = Debug|Any CPU
		{83E6D6D7-CCAC-452E-974C-FFAC89A11635}.Debug|Any CPU.Build.0 = Debug|Any CPU
		{83E6D6D7-CCAC-452E-974C-FFAC89A11635}.Release|Any CPU.ActiveCfg = Release|Any CPU
		{83E6D6D7-CCAC-452E-974C-FFAC89A11635}.Release|Any CPU.Build.0 = Release|Any CPU
	EndGlobalSection
	GlobalSection(SolutionProperties) = preSolution
		HideSolutionNode = FALSE
	EndGlobalSection
	GlobalSection(ExtensibilityGlobals) = postSolution
		SolutionGuid = {DAEC5945-10DA-401B-874E-E327FAFC1382}
	EndGlobalSection
EndGlobal
